<?xml version="1.0" encoding="utf-8"?>
<Project ToolsVersion="4.0" xmlns="http://schemas.microsoft.com/developer/msbuild/2003">
  <ItemGroup>
    <ClCompile Include="animationManager.cpp">
      <Filter>매니저</Filter>
    </ClCompile>
    <ClCompile Include="imageManager.cpp">
      <Filter>매니저</Filter>
    </ClCompile>
    <ClCompile Include="cameraManager.cpp">
      <Filter>매니저</Filter>
    </ClCompile>
    <ClCompile Include="effectManager.cpp">
      <Filter>매니저</Filter>
    </ClCompile>
    <ClCompile Include="keyManager.cpp">
      <Filter>매니저</Filter>
    </ClCompile>
    <ClCompile Include="sceneManager.cpp">
      <Filter>매니저</Filter>
    </ClCompile>
    <ClCompile Include="soundManager.cpp">
      <Filter>매니저</Filter>
    </ClCompile>
    <ClCompile Include="timeManager.cpp">
      <Filter>매니저</Filter>
    </ClCompile>
    <ClCompile Include="mainGame+Image.cpp">
      <Filter>인게임</Filter>
    </ClCompile>
    <ClCompile Include="mainGame.cpp">
      <Filter>인게임</Filter>
    </ClCompile>
    <ClCompile Include="mapTool.cpp">
      <Filter>맵툴</Filter>
    </ClCompile>
    <ClCompile Include="testScene.cpp">
      <Filter>인게임</Filter>
    </ClCompile>
    <ClCompile Include="player.cpp">
      <Filter>플레이어</Filter>
    </ClCompile>
    <ClCompile Include="item.cpp">
      <Filter>아이템</Filter>
    </ClCompile>
    <ClCompile Include="itemManager.cpp">
      <Filter>아이템</Filter>
    </ClCompile>
    <ClCompile Include="shovel.cpp">
      <Filter>아이템</Filter>
    </ClCompile>
    <ClCompile Include="inventory.cpp">
      <Filter>플레이어</Filter>
    </ClCompile>
    <ClCompile Include="monster.cpp">
      <Filter>몬스터</Filter>
    </ClCompile>
    <ClCompile Include="monsterManager.cpp">
      <Filter>몬스터</Filter>
    </ClCompile>
    <ClCompile Include="greenSlime.cpp">
      <Filter>몬스터</Filter>
    </ClCompile>
    <ClCompile Include="attack.cpp">
      <Filter>아이템</Filter>
    </ClCompile>
    <ClCompile Include="body.cpp">
      <Filter>아이템</Filter>
    </ClCompile>
    <ClCompile Include="feet.cpp">
      <Filter>아이템</Filter>
    </ClCompile>
    <ClCompile Include="bomb.cpp">
      <Filter>아이템</Filter>
    </ClCompile>
    <ClCompile Include="aStar.cpp">
      <Filter>맵툴</Filter>
    </ClCompile>
    <ClCompile Include="skeleton.cpp">
      <Filter>몬스터</Filter>
    </ClCompile>
    <ClCompile Include="beat.cpp">
      <Filter>플레이어</Filter>
    </ClCompile>
    <ClCompile Include="coin.cpp">
      <Filter>아이템</Filter>
    </ClCompile>
    <ClCompile Include="blueSlime.cpp">
      <Filter>몬스터</Filter>
    </ClCompile>
    <ClCompile Include="animation.cpp">
      <Filter>잡다한거</Filter>
    </ClCompile>
    <ClCompile Include="effect.cpp">
      <Filter>잡다한거</Filter>
    </ClCompile>
    <ClCompile Include="gameNode.cpp">
      <Filter>잡다한거</Filter>
    </ClCompile>
    <ClCompile Include="image.cpp">
      <Filter>잡다한거</Filter>
    </ClCompile>
    <ClCompile Include="loading.cpp">
      <Filter>잡다한거</Filter>
    </ClCompile>
    <ClCompile Include="progressBar.cpp">
      <Filter>잡다한거</Filter>
    </ClCompile>
    <ClCompile Include="stdafx.cpp">
      <Filter>잡다한거</Filter>
    </ClCompile>
    <ClCompile Include="timer.cpp">
      <Filter>잡다한거</Filter>
    </ClCompile>
    <ClCompile Include="txtData.cpp">
      <Filter>잡다한거</Filter>
    </ClCompile>
    <ClCompile Include="utils.cpp">
      <Filter>잡다한거</Filter>
    </ClCompile>
    <ClCompile Include="winMain.cpp">
      <Filter>잡다한거</Filter>
    </ClCompile>
    <ClCompile Include="ghost.cpp">
      <Filter>몬스터</Filter>
    </ClCompile>
    <ClCompile Include="redWraiths.cpp">
      <Filter>몬스터</Filter>
    </ClCompile>
    <ClCompile Include="lobbyScene.cpp">
      <Filter>인게임</Filter>
    </ClCompile>
    <ClCompile Include="bat.cpp">
      <Filter>몬스터</Filter>
    </ClCompile>
    <ClCompile Include="minotaurs.cpp">
      <Filter>몬스터</Filter>
    </ClCompile>
    <ClCompile Include="redDragon.cpp">
      <Filter>몬스터</Filter>
    </ClCompile>
  </ItemGroup>
  <ItemGroup>
    <ClInclude Include="animationManager.h">
      <Filter>매니저</Filter>
    </ClInclude>
    <ClInclude Include="imageManager.h">
      <Filter>매니저</Filter>
    </ClInclude>
    <ClInclude Include="cameraManager.h">
      <Filter>매니저</Filter>
    </ClInclude>
    <ClInclude Include="effectManager.h">
      <Filter>매니저</Filter>
    </ClInclude>
    <ClInclude Include="keyManager.h">
      <Filter>매니저</Filter>
    </ClInclude>
    <ClInclude Include="sceneManager.h">
      <Filter>매니저</Filter>
    </ClInclude>
    <ClInclude Include="soundManager.h">
      <Filter>매니저</Filter>
    </ClInclude>
    <ClInclude Include="timeManager.h">
      <Filter>매니저</Filter>
    </ClInclude>
    <ClInclude Include="mainGame.h">
      <Filter>인게임</Filter>
    </ClInclude>
    <ClInclude Include="mapTool.h">
      <Filter>맵툴</Filter>
    </ClInclude>
    <ClInclude Include="tileNode.h">
      <Filter>맵툴</Filter>
    </ClInclude>
    <ClInclude Include="testScene.h">
      <Filter>인게임</Filter>
    </ClInclude>
    <ClInclude Include="player.h">
      <Filter>플레이어</Filter>
    </ClInclude>
    <ClInclude Include="item.h">
      <Filter>아이템</Filter>
    </ClInclude>
    <ClInclude Include="itemManager.h">
      <Filter>아이템</Filter>
    </ClInclude>
    <ClInclude Include="shovel.h">
      <Filter>아이템</Filter>
    </ClInclude>
    <ClInclude Include="inventory.h">
      <Filter>플레이어</Filter>
    </ClInclude>
    <ClInclude Include="monster.h">
      <Filter>몬스터</Filter>
    </ClInclude>
    <ClInclude Include="monsterManager.h">
      <Filter>몬스터</Filter>
    </ClInclude>
    <ClInclude Include="greenSlime.h">
      <Filter>몬스터</Filter>
    </ClInclude>
    <ClInclude Include="attack.h">
      <Filter>아이템</Filter>
    </ClInclude>
    <ClInclude Include="body.h">
      <Filter>아이템</Filter>
    </ClInclude>
    <ClInclude Include="feet.h">
      <Filter>아이템</Filter>
    </ClInclude>
    <ClInclude Include="bomb.h">
      <Filter>아이템</Filter>
    </ClInclude>
    <ClInclude Include="aStar.h">
      <Filter>맵툴</Filter>
    </ClInclude>
    <ClInclude Include="skeleton.h">
      <Filter>몬스터</Filter>
    </ClInclude>
    <ClInclude Include="beat.h">
      <Filter>플레이어</Filter>
    </ClInclude>
    <ClInclude Include="coin.h">
      <Filter>아이템</Filter>
    </ClInclude>
    <ClInclude Include="blueSlime.h">
      <Filter>몬스터</Filter>
    </ClInclude>
    <ClInclude Include="animation.h">
      <Filter>잡다한거</Filter>
    </ClInclude>
    <ClInclude Include="API_FrameWork.h">
      <Filter>잡다한거</Filter>
    </ClInclude>
    <ClInclude Include="commonMacroFunction.h">
      <Filter>잡다한거</Filter>
    </ClInclude>
    <ClInclude Include="effect.h">
      <Filter>잡다한거</Filter>
    </ClInclude>
    <ClInclude Include="gameNode.h">
      <Filter>잡다한거</Filter>
    </ClInclude>
    <ClInclude Include="image.h">
      <Filter>잡다한거</Filter>
    </ClInclude>
    <ClInclude Include="loading.h">
      <Filter>잡다한거</Filter>
    </ClInclude>
    <ClInclude Include="progressBar.h">
      <Filter>잡다한거</Filter>
    </ClInclude>
    <ClInclude Include="randomFunction.h">
      <Filter>잡다한거</Filter>
    </ClInclude>
    <ClInclude Include="Resource.h">
      <Filter>잡다한거</Filter>
    </ClInclude>
    <ClInclude Include="resource1.h">
      <Filter>잡다한거</Filter>
    </ClInclude>
    <ClInclude Include="singletonBase.h">
      <Filter>잡다한거</Filter>
    </ClInclude>
    <ClInclude Include="stdafx.h">
      <Filter>잡다한거</Filter>
    </ClInclude>
    <ClInclude Include="targetver.h">
      <Filter>잡다한거</Filter>
    </ClInclude>
    <ClInclude Include="timer.h">
      <Filter>잡다한거</Filter>
    </ClInclude>
    <ClInclude Include="txtData.h">
      <Filter>잡다한거</Filter>
    </ClInclude>
    <ClInclude Include="utils.h">
      <Filter>잡다한거</Filter>
    </ClInclude>
    <ClInclude Include="ghost.h">
      <Filter>몬스터</Filter>
    </ClInclude>
    <ClInclude Include="redWraiths.h">
      <Filter>몬스터</Filter>
    </ClInclude>
    <ClInclude Include="lobbyScene.h">
      <Filter>인게임</Filter>
    </ClInclude>
    <ClInclude Include="bat.h">
      <Filter>몬스터</Filter>
    </ClInclude>
    <ClInclude Include="minotaurs.h">
      <Filter>몬스터</Filter>
    </ClInclude>
    <ClInclude Include="redDragon.h">
      <Filter>몬스터</Filter>
    </ClInclude>
  </ItemGroup>
  <ItemGroup>
    <Filter Include="매니저">
      <UniqueIdentifier>{2da1abeb-3401-4da4-a200-2cc1aa5eb091}</UniqueIdentifier>
    </Filter>
    <Filter Include="인게임">
      <UniqueIdentifier>{7048fa0c-f7d2-479a-a16f-66595da9b0b7}</UniqueIdentifier>
    </Filter>
    <Filter Include="맵툴">
      <UniqueIdentifier>{9576505b-c577-4f75-b6f0-d51a03d1db8d}</UniqueIdentifier>
    </Filter>
    <Filter Include="플레이어">
      <UniqueIdentifier>{424d6f7a-da40-444b-a4b9-9f4ea839a721}</UniqueIdentifier>
    </Filter>
    <Filter Include="아이템">
      <UniqueIdentifier>{fc98bad9-9c42-4a82-911d-e44f504c330b}</UniqueIdentifier>
    </Filter>
    <Filter Include="몬스터">
      <UniqueIdentifier>{d9c1b41b-9897-4aac-a27c-937bf0d4d09f}</UniqueIdentifier>
    </Filter>
    <Filter Include="잡다한거">
      <UniqueIdentifier>{7b535f9d-aa94-47a8-96d0-e8577e7133ce}</UniqueIdentifier>
    </Filter>
  </ItemGroup>
  <ItemGroup>
    <ResourceCompile Include="API_FrameWork.rc">
      <Filter>잡다한거</Filter>
    </ResourceCompile>
  </ItemGroup>
</Project>